
Microsoft Visual Studio Solution File, Format Version 12.00
# Visual Studio Version 16
VisualStudioVersion = 16.0.29728.190
MinimumVisualStudioVersion = 10.0.40219.1
Project("{FAE04EC0-301F-11D3-BF4B-00C04F79EFBC}") = "TestApp.Android", "TestApp\TestApp.Android\TestApp.Android.csproj", "{D42D0CE7-E27E-427A-A347-196634015C84}"
EndProject
Project("{FAE04EC0-301F-11D3-BF4B-00C04F79EFBC}") = "TestApp.iOS", "TestApp\TestApp.iOS\TestApp.iOS.csproj", "{12FCF0C3-FFD8-4027-8DB1-605925931BA9}"
EndProject
Project("{9A19103F-16F7-4668-BE54-9A1E7A4F7556}") = "TestApp", "TestApp\TestApp\TestApp.csproj", "{2F7C8306-E962-42D3-8945-50A8FA512BA8}"
EndProject
Global
	GlobalSection(SolutionConfigurationPlatforms) = preSolution
		Debug|Any CPU = Debug|Any CPU
		Debug|iPhone = Debug|iPhone
		Debug|iPhoneSimulator = Debug|iPhoneSimulator
		Release|Any CPU = Release|Any CPU
		Release|iPhone = Release|iPhone
		Release|iPhoneSimulator = Release|iPhoneSimulator
	EndGlobalSection
	GlobalSection(ProjectConfigurationPlatforms) = postSolution
		{D42D0CE7-E27E-427A-A347-196634015C84}.Debug|Any CPU.ActiveCfg = Debug|Any CPU
		{D42D0CE7-E27E-427A-A347-196634015C84}.Debug|Any CPU.Build.0 = Debug|Any CPU
		{D42D0CE7-E27E-427A-A347-196634015C84}.Debug|Any CPU.Deploy.0 = Debug|Any CPU
		{D42D0CE7-E27E-427A-A347-196634015C84}.Debug|iPhone.ActiveCfg = Debug|Any CPU
		{D42D0CE7-E27E-427A-A347-196634015C84}.Debug|iPhone.Build.0 = Debug|Any CPU
		{D42D0CE7-E27E-427A-A347-196634015C84}.Debug|iPhone.Deploy.0 = Debug|Any CPU
		{D42D0CE7-E27E-427A-A347-196634015C84}.Debug|iPhoneSimulator.ActiveCfg = Debug|Any CPU
		{D42D0CE7-E27E-427A-A347-196634015C84}.Debug|iPhoneSimulator.Build.0 = Debug|Any CPU
		{D42D0CE7-E27E-427A-A347-196634015C84}.Debug|iPhoneSimulator.Deploy.0 = Debug|Any CPU
		{D42D0CE7-E27E-427A-A347-196634015C84}.Release|Any CPU.ActiveCfg = Release|Any CPU
		{D42D0CE7-E27E-427A-A347-196634015C84}.Release|Any CPU.Build.0 = Release|Any CPU
		{D42D0CE7-E27E-427A-A347-196634015C84}.Release|Any CPU.Deploy.0 = Release|Any CPU
		{D42D0CE7-E27E-427A-A347-196634015C84}.Release|iPhone.ActiveCfg = Release|Any CPU
		{D42D0CE7-E27E-427A-A347-196634015C84}.Release|iPhone.Build.0 = Release|Any CPU
		{D42D0CE7-E27E-427A-A347-196634015C84}.Release|iPhone.Deploy.0 = Release|Any CPU
		{D42D0CE7-E27E-427A-A347-196634015C84}.Release|iPhoneSimulator.ActiveCfg = Release|Any CPU
		{D42D0CE7-E27E-427A-A347-196634015C84}.Release|iPhoneSimulator.Build.0 = Release|Any CPU
		{D42D0CE7-E27E-427A-A347-196634015C84}.Release|iPhoneSimulator.Deploy.0 = Release|Any CPU
		{12FCF0C3-FFD8-4027-8DB1-605925931BA9}.Debug|Any CPU.ActiveCfg = Debug|iPhoneSimulator
		{12FCF0C3-FFD8-4027-8DB1-605925931BA9}.Debug|Any CPU.Build.0 = Debug|iPhoneSimulator
		{12FCF0C3-FFD8-4027-8DB1-605925931BA9}.Debug|Any CPU.Deploy.0 = Debug|iPhoneSimulator
		{12FCF0C3-FFD8-4027-8DB1-605925931BA9}.Debug|iPhone.ActiveCfg = Debug|iPhone
		{12FCF0C3-FFD8-4027-8DB1-605925931BA9}.Debug|iPhone.Build.0 = Debug|iPhone
		{12FCF0C3-FFD8-4027-8DB1-605925931BA9}.Debug|iPhone.Deploy.0 = Debug|iPhone
		{12FCF0C3-FFD8-4027-8DB1-605925931BA9}.Debug|iPhoneSimulator.ActiveCfg = Debug|iPhoneSimulator
		{12FCF0C3-FFD8-4027-8DB1-605925931BA9}.Debug|iPhoneSimulator.Build.0 = Debug|iPhoneSimulator
		{12FCF0C3-FFD8-4027-8DB1-605925931BA9}.Debug|iPhoneSimulator.Deploy.0 = Debug|iPhoneSimulator
		{12FCF0C3-FFD8-4027-8DB1-605925931BA9}.Release|Any CPU.ActiveCfg = Release|iPhone
		{12FCF0C3-FFD8-4027-8DB1-605925931BA9}.Release|Any CPU.Build.0 = Release|iPhone
		{12FCF0C3-FFD8-4027-8DB1-605925931BA9}.Release|Any CPU.Deploy.0 = Release|iPhone
		{12FCF0C3-FFD8-4027-8DB1-605925931BA9}.Release|iPhone.ActiveCfg = Release|iPhone
		{12FCF0C3-FFD8-4027-8DB1-605925931BA9}.Release|iPhone.Build.0 = Release|iPhone
		{12FCF0C3-FFD8-4027-8DB1-605925931BA9}.Release|iPhone.Deploy.0 = Release|iPhone
		{12FCF0C3-FFD8-4027-8DB1-605925931BA9}.Release|iPhoneSimulator.ActiveCfg = Release|iPhoneSimulator
		{12FCF0C3-FFD8-4027-8DB1-605925931BA9}.Release|iPhoneSimulator.Build.0 = Release|iPhoneSimulator
		{12FCF0C3-FFD8-4027-8DB1-605925931BA9}.Release|iPhoneSimulator.Deploy.0 = Release|iPhoneSimulator
		{2F7C8306-E962-42D3-8945-50A8FA512BA8}.Debug|Any CPU.ActiveCfg = Debug|Any CPU
		{2F7C8306-E962-42D3-8945-50A8FA512BA8}.Debug|Any CPU.Build.0 = Debug|Any CPU
		{2F7C8306-E962-42D3-8945-50A8FA512BA8}.Debug|Any CPU.Deploy.0 = Debug|Any CPU
		{2F7C8306-E962-42D3-8945-50A8FA512BA8}.Debug|iPhone.ActiveCfg = Debug|Any CPU
		{2F7C8306-E962-42D3-8945-50A8FA512BA8}.Debug|iPhone.Build.0 = Debug|Any CPU
		{2F7C8306-E962-42D3-8945-50A8FA512BA8}.Debug|iPhone.Deploy.0 = Debug|Any CPU
		{2F7C8306-E962-42D3-8945-50A8FA512BA8}.Debug|iPhoneSimulator.ActiveCfg = Debug|Any CPU
		{2F7C8306-E962-42D3-8945-50A8FA512BA8}.Debug|iPhoneSimulator.Build.0 = Debug|Any CPU
		{2F7C8306-E962-42D3-8945-50A8FA512BA8}.Debug|iPhoneSimulator.Deploy.0 = Debug|Any CPU
		{2F7C8306-E962-42D3-8945-50A8FA512BA8}.Release|Any CPU.ActiveCfg = Release|Any CPU
		{2F7C8306-E962-42D3-8945-50A8FA512BA8}.Release|Any CPU.Build.0 = Release|Any CPU
		{2F7C8306-E962-42D3-8945-50A8FA512BA8}.Release|Any CPU.Deploy.0 = Release|Any CPU
		{2F7C8306-E962-42D3-8945-50A8FA512BA8}.Release|iPhone.ActiveCfg = Release|Any CPU
		{2F7C8306-E962-42D3-8945-50A8FA512BA8}.Release|iPhone.Build.0 = Release|Any CPU
		{2F7C8306-E962-42D3-8945-50A8FA512BA8}.Release|iPhone.Deploy.0 = Release|Any CPU
		{2F7C8306-E962-42D3-8945-50A8FA512BA8}.Release|iPhoneSimulator.ActiveCfg = Release|Any CPU
		{2F7C8306-E962-42D3-8945-50A8FA512BA8}.Release|iPhoneSimulator.Build.0 = Release|Any CPU
		{2F7C8306-E962-42D3-8945-50A8FA512BA8}.Release|iPhoneSimulator.Deploy.0 = Release|Any CPU
	EndGlobalSection
	GlobalSection(SolutionProperties) = preSolution
		HideSolutionNode = FALSE
	EndGlobalSection
	GlobalSection(ExtensibilityGlobals) = postSolution
		SolutionGuid = {46B83408-08FE-4B4D-9E68-2993E4B00920}
	EndGlobalSection
EndGlobal
